
Microsoft Visual Studio Solution File, Format Version 12.00
# Visual Studio 15
VisualStudioVersion = 15.0.26014.0
MinimumVisualStudioVersion = 10.0.40219.1
Project("{FAE04EC0-301F-11D3-BF4B-00C04F79EFBC}") = "App1.Droid", "App1.Droid\App1.Droid.csproj", "{BB2EDB1E-0B1D-4BD6-A197-5CC32165A45C}"
EndProject
Project("{FAE04EC0-301F-11D3-BF4B-00C04F79EFBC}") = "App1", "App1\App1.csproj", "{9E65D304-F440-4300-8DF7-AED9E7658A91}"
EndProject
Project("{FAE04EC0-301F-11D3-BF4B-00C04F79EFBC}") = "App1.UWP", "App1.UWP\App1.UWP.csproj", "{236F6469-7899-4A31-A27A-0959000A9C4E}"
EndProject
Project("{FAE04EC0-301F-11D3-BF4B-00C04F79EFBC}") = "App1.iOS", "App1.iOS\App1.iOS.csproj", "{B35D6936-585E-48A8-BD62-E8E8FA18B8A8}"
EndProject
Global
	GlobalSection(SolutionConfigurationPlatforms) = preSolution
		Ad-Hoc|Any CPU = Ad-Hoc|Any CPU
		Ad-Hoc|ARM = Ad-Hoc|ARM
		Ad-Hoc|iPhone = Ad-Hoc|iPhone
		Ad-Hoc|iPhoneSimulator = Ad-Hoc|iPhoneSimulator
		Ad-Hoc|x64 = Ad-Hoc|x64
		Ad-Hoc|x86 = Ad-Hoc|x86
		AppStore|Any CPU = AppStore|Any CPU
		AppStore|ARM = AppStore|ARM
		AppStore|iPhone = AppStore|iPhone
		AppStore|iPhoneSimulator = AppStore|iPhoneSimulator
		AppStore|x64 = AppStore|x64
		AppStore|x86 = AppStore|x86
		Debug|Any CPU = Debug|Any CPU
		Debug|ARM = Debug|ARM
		Debug|iPhone = Debug|iPhone
		Debug|iPhoneSimulator = Debug|iPhoneSimulator
		Debug|x64 = Debug|x64
		Debug|x86 = Debug|x86
		Release|Any CPU = Release|Any CPU
		Release|ARM = Release|ARM
		Release|iPhone = Release|iPhone
		Release|iPhoneSimulator = Release|iPhoneSimulator
		Release|x64 = Release|x64
		Release|x86 = Release|x86
	EndGlobalSection
	GlobalSection(ProjectConfigurationPlatforms) = postSolution
		{BB2EDB1E-0B1D-4BD6-A197-5CC32165A45C}.Ad-Hoc|Any CPU.ActiveCfg = Release|Any CPU
		{BB2EDB1E-0B1D-4BD6-A197-5CC32165A45C}.Ad-Hoc|Any CPU.Build.0 = Release|Any CPU
		{BB2EDB1E-0B1D-4BD6-A197-5CC32165A45C}.Ad-Hoc|Any CPU.Deploy.0 = Release|Any CPU
		{BB2EDB1E-0B1D-4BD6-A197-5CC32165A45C}.Ad-Hoc|ARM.ActiveCfg = Release|Any CPU
		{BB2EDB1E-0B1D-4BD6-A197-5CC32165A45C}.Ad-Hoc|ARM.Build.0 = Release|Any CPU
		{BB2EDB1E-0B1D-4BD6-A197-5CC32165A45C}.Ad-Hoc|ARM.Deploy.0 = Release|Any CPU
		{BB2EDB1E-0B1D-4BD6-A197-5CC32165A45C}.Ad-Hoc|iPhone.ActiveCfg = Release|Any CPU
		{BB2EDB1E-0B1D-4BD6-A197-5CC32165A45C}.Ad-Hoc|iPhone.Build.0 = Release|Any CPU
		{BB2EDB1E-0B1D-4BD6-A197-5CC32165A45C}.Ad-Hoc|iPhone.Deploy.0 = Release|Any CPU
		{BB2EDB1E-0B1D-4BD6-A197-5CC32165A45C}.Ad-Hoc|iPhoneSimulator.ActiveCfg = Release|Any CPU
		{BB2EDB1E-0B1D-4BD6-A197-5CC32165A45C}.Ad-Hoc|iPhoneSimulator.Build.0 = Release|Any CPU
		{BB2EDB1E-0B1D-4BD6-A197-5CC32165A45C}.Ad-Hoc|iPhoneSimulator.Deploy.0 = Release|Any CPU
		{BB2EDB1E-0B1D-4BD6-A197-5CC32165A45C}.Ad-Hoc|x64.ActiveCfg = Release|Any CPU
		{BB2EDB1E-0B1D-4BD6-A197-5CC32165A45C}.Ad-Hoc|x64.Build.0 = Release|Any CPU
		{BB2EDB1E-0B1D-4BD6-A197-5CC32165A45C}.Ad-Hoc|x64.Deploy.0 = Release|Any CPU
		{BB2EDB1E-0B1D-4BD6-A197-5CC32165A45C}.Ad-Hoc|x86.ActiveCfg = Release|Any CPU
		{BB2EDB1E-0B1D-4BD6-A197-5CC32165A45C}.Ad-Hoc|x86.Build.0 = Release|Any CPU
		{BB2EDB1E-0B1D-4BD6-A197-5CC32165A45C}.Ad-Hoc|x86.Deploy.0 = Release|Any CPU
		{BB2EDB1E-0B1D-4BD6-A197-5CC32165A45C}.AppStore|Any CPU.ActiveCfg = Release|Any CPU
		{BB2EDB1E-0B1D-4BD6-A197-5CC32165A45C}.AppStore|Any CPU.Build.0 = Release|Any CPU
		{BB2EDB1E-0B1D-4BD6-A197-5CC32165A45C}.AppStore|Any CPU.Deploy.0 = Release|Any CPU
		{BB2EDB1E-0B1D-4BD6-A197-5CC32165A45C}.AppStore|ARM.ActiveCfg = Release|Any CPU
		{BB2EDB1E-0B1D-4BD6-A197-5CC32165A45C}.AppStore|ARM.Build.0 = Release|Any CPU
		{BB2EDB1E-0B1D-4BD6-A197-5CC32165A45C}.AppStore|ARM.Deploy.0 = Release|Any CPU
		{BB2EDB1E-0B1D-4BD6-A197-5CC32165A45C}.AppStore|iPhone.ActiveCfg = Release|Any CPU
		{BB2EDB1E-0B1D-4BD6-A197-5CC32165A45C}.AppStore|iPhone.Build.0 = Release|Any CPU
		{BB2EDB1E-0B1D-4BD6-A197-5CC32165A45C}.AppStore|iPhone.Deploy.0 = Release|Any CPU
		{BB2EDB1E-0B1D-4BD6-A197-5CC32165A45C}.AppStore|iPhoneSimulator.ActiveCfg = Release|Any CPU
		{BB2EDB1E-0B1D-4BD6-A197-5CC32165A45C}.AppStore|iPhoneSimulator.Build.0 = Release|Any CPU
		{BB2EDB1E-0B1D-4BD6-A197-5CC32165A45C}.AppStore|iPhoneSimulator.Deploy.0 = Release|Any CPU
		{BB2EDB1E-0B1D-4BD6-A197-5CC32165A45C}.AppStore|x64.ActiveCfg = Release|Any CPU
		{BB2EDB1E-0B1D-4BD6-A197-5CC32165A45C}.AppStore|x64.Build.0 = Release|Any CPU
		{BB2EDB1E-0B1D-4BD6-A197-5CC32165A45C}.AppStore|x64.Deploy.0 = Release|Any CPU
		{BB2EDB1E-0B1D-4BD6-A197-5CC32165A45C}.AppStore|x86.ActiveCfg = Release|Any CPU
		{BB2EDB1E-0B1D-4BD6-A197-5CC32165A45C}.AppStore|x86.Build.0 = Release|Any CPU
		{BB2EDB1E-0B1D-4BD6-A197-5CC32165A45C}.AppStore|x86.Deploy.0 = Release|Any CPU
		{BB2EDB1E-0B1D-4BD6-A197-5CC32165A45C}.Debug|Any CPU.ActiveCfg = Debug|Any CPU
		{BB2EDB1E-0B1D-4BD6-A197-5CC32165A45C}.Debug|Any CPU.Build.0 = Debug|Any CPU
		{BB2EDB1E-0B1D-4BD6-A197-5CC32165A45C}.Debug|Any CPU.Deploy.0 = Debug|Any CPU
		{BB2EDB1E-0B1D-4BD6-A197-5CC32165A45C}.Debug|ARM.ActiveCfg = Debug|Any CPU
		{BB2EDB1E-0B1D-4BD6-A197-5CC32165A45C}.Debug|ARM.Build.0 = Debug|Any CPU
		{BB2EDB1E-0B1D-4BD6-A197-5CC32165A45C}.Debug|ARM.Deploy.0 = Debug|Any CPU
		{BB2EDB1E-0B1D-4BD6-A197-5CC32165A45C}.Debug|iPhone.ActiveCfg = Debug|Any CPU
		{BB2EDB1E-0B1D-4BD6-A197-5CC32165A45C}.Debug|iPhone.Build.0 = Debug|Any CPU
		{BB2EDB1E-0B1D-4BD6-A197-5CC32165A45C}.Debug|iPhone.Deploy.0 = Debug|Any CPU
		{BB2EDB1E-0B1D-4BD6-A197-5CC32165A45C}.Debug|iPhoneSimulator.ActiveCfg = Debug|Any CPU
		{BB2EDB1E-0B1D-4BD6-A197-5CC32165A45C}.Debug|iPhoneSimulator.Build.0 = Debug|Any CPU
		{BB2EDB1E-0B1D-4BD6-A197-5CC32165A45C}.Debug|iPhoneSimulator.Deploy.0 = Debug|Any CPU
		{BB2EDB1E-0B1D-4BD6-A197-5CC32165A45C}.Debug|x64.ActiveCfg = Debug|Any CPU
		{BB2EDB1E-0B1D-4BD6-A197-5CC32165A45C}.Debug|x64.Build.0 = Debug|Any CPU
		{BB2EDB1E-0B1D-4BD6-A197-5CC32165A45C}.Debug|x64.Deploy.0 = Debug|Any CPU
		{BB2EDB1E-0B1D-4BD6-A197-5CC32165A45C}.Debug|x86.ActiveCfg = Debug|Any CPU
		{BB2EDB1E-0B1D-4BD6-A197-5CC32165A45C}.Debug|x86.Build.0 = Debug|Any CPU
		{BB2EDB1E-0B1D-4BD6-A197-5CC32165A45C}.Debug|x86.Deploy.0 = Debug|Any CPU
		{BB2EDB1E-0B1D-4BD6-A197-5CC32165A45C}.Release|Any CPU.ActiveCfg = Release|Any CPU
		{BB2EDB1E-0B1D-4BD6-A197-5CC32165A45C}.Release|Any CPU.Build.0 = Release|Any CPU
		{BB2EDB1E-0B1D-4BD6-A197-5CC32165A45C}.Release|Any CPU.Deploy.0 = Release|Any CPU
		{BB2EDB1E-0B1D-4BD6-A197-5CC32165A45C}.Release|ARM.ActiveCfg = Release|Any CPU
		{BB2EDB1E-0B1D-4BD6-A197-5CC32165A45C}.Release|ARM.Build.0 = Release|Any CPU
		{BB2EDB1E-0B1D-4BD6-A197-5CC32165A45C}.Release|ARM.Deploy.0 = Release|Any CPU
		{BB2EDB1E-0B1D-4BD6-A197-5CC32165A45C}.Release|iPhone.ActiveCfg = Release|Any CPU
		{BB2EDB1E-0B1D-4BD6-A197-5CC32165A45C}.Release|iPhone.Build.0 = Release|Any CPU
		{BB2EDB1E-0B1D-4BD6-A197-5CC32165A45C}.Release|iPhone.Deploy.0 = Release|Any CPU
		{BB2EDB1E-0B1D-4BD6-A197-5CC32165A45C}.Release|iPhoneSimulator.ActiveCfg = Release|Any CPU
		{BB2EDB1E-0B1D-4BD6-A197-5CC32165A45C}.Release|iPhoneSimulator.Build.0 = Release|Any CPU
		{BB2EDB1E-0B1D-4BD6-A197-5CC32165A45C}.Release|iPhoneSimulator.Deploy.0 = Release|Any CPU
		{BB2EDB1E-0B1D-4BD6-A197-5CC32165A45C}.Release|x64.ActiveCfg = Release|Any CPU
		{BB2EDB1E-0B1D-4BD6-A197-5CC32165A45C}.Release|x64.Build.0 = Release|Any CPU
		{BB2EDB1E-0B1D-4BD6-A197-5CC32165A45C}.Release|x64.Deploy.0 = Release|Any CPU
		{BB2EDB1E-0B1D-4BD6-A197-5CC32165A45C}.Release|x86.ActiveCfg = Release|Any CPU
		{BB2EDB1E-0B1D-4BD6-A197-5CC32165A45C}.Release|x86.Build.0 = Release|Any CPU
		{BB2EDB1E-0B1D-4BD6-A197-5CC32165A45C}.Release|x86.Deploy.0 = Release|Any CPU
		{9E65D304-F440-4300-8DF7-AED9E7658A91}.Ad-Hoc|Any CPU.ActiveCfg = Release|Any CPU
		{9E65D304-F440-4300-8DF7-AED9E7658A91}.Ad-Hoc|Any CPU.Build.0 = Release|Any CPU
		{9E65D304-F440-4300-8DF7-AED9E7658A91}.Ad-Hoc|ARM.ActiveCfg = Release|Any CPU
		{9E65D304-F440-4300-8DF7-AED9E7658A91}.Ad-Hoc|ARM.Build.0 = Release|Any CPU
		{9E65D304-F440-4300-8DF7-AED9E7658A91}.Ad-Hoc|iPhone.ActiveCfg = Release|Any CPU
		{9E65D304-F440-4300-8DF7-AED9E7658A91}.Ad-Hoc|iPhone.Build.0 = Release|Any CPU
		{9E65D304-F440-4300-8DF7-AED9E7658A91}.Ad-Hoc|iPhoneSimulator.ActiveCfg = Release|Any CPU
		{9E65D304-F440-4300-8DF7-AED9E7658A91}.Ad-Hoc|iPhoneSimulator.Build.0 = Release|Any CPU
		{9E65D304-F440-4300-8DF7-AED9E7658A91}.Ad-Hoc|x64.ActiveCfg = Release|Any CPU
		{9E65D304-F440-4300-8DF7-AED9E7658A91}.Ad-Hoc|x64.Build.0 = Release|Any CPU
		{9E65D304-F440-4300-8DF7-AED9E7658A91}.Ad-Hoc|x86.ActiveCfg = Release|Any CPU
		{9E65D304-F440-4300-8DF7-AED9E7658A91}.Ad-Hoc|x86.Build.0 = Release|Any CPU
		{9E65D304-F440-4300-8DF7-AED9E7658A91}.AppStore|Any CPU.ActiveCfg = Release|Any CPU
		{9E65D304-F440-4300-8DF7-AED9E7658A91}.AppStore|Any CPU.Build.0 = Release|Any CPU
		{9E65D304-F440-4300-8DF7-AED9E7658A91}.AppStore|ARM.ActiveCfg = Release|Any CPU
		{9E65D304-F440-4300-8DF7-AED9E7658A91}.AppStore|ARM.Build.0 = Release|Any CPU
		{9E65D304-F440-4300-8DF7-AED9E7658A91}.AppStore|iPhone.ActiveCfg = Release|Any CPU
		{9E65D304-F440-4300-8DF7-AED9E7658A91}.AppStore|iPhone.Build.0 = Release|Any CPU
		{9E65D304-F440-4300-8DF7-AED9E7658A91}.AppStore|iPhoneSimulator.ActiveCfg = Release|Any CPU
		{9E65D304-F440-4300-8DF7-AED9E7658A91}.AppStore|iPhoneSimulator.Build.0 = Release|Any CPU
		{9E65D304-F440-4300-8DF7-AED9E7658A91}.AppStore|x64.ActiveCfg = Release|Any CPU
		{9E65D304-F440-4300-8DF7-AED9E7658A91}.AppStore|x64.Build.0 = Release|Any CPU
		{9E65D304-F440-4300-8DF7-AED9E7658A91}.AppStore|x86.ActiveCfg = Release|Any CPU
		{9E65D304-F440-4300-8DF7-AED9E7658A91}.AppStore|x86.Build.0 = Release|Any CPU
		{9E65D304-F440-4300-8DF7-AED9E7658A91}.Debug|Any CPU.ActiveCfg = Debug|Any CPU
		{9E65D304-F440-4300-8DF7-AED9E7658A91}.Debug|Any CPU.Build.0 = Debug|Any CPU
		{9E65D304-F440-4300-8DF7-AED9E7658A91}.Debug|ARM.ActiveCfg = Debug|Any CPU
		{9E65D304-F440-4300-8DF7-AED9E7658A91}.Debug|ARM.Build.0 = Debug|Any CPU
		{9E65D304-F440-4300-8DF7-AED9E7658A91}.Debug|iPhone.ActiveCfg = Debug|Any CPU
		{9E65D304-F440-4300-8DF7-AED9E7658A91}.Debug|iPhone.Build.0 = Debug|Any CPU
		{9E65D304-F440-4300-8DF7-AED9E7658A91}.Debug|iPhoneSimulator.ActiveCfg = Debug|Any CPU
		{9E65D304-F440-4300-8DF7-AED9E7658A91}.Debug|iPhoneSimulator.Build.0 = Debug|Any CPU
		{9E65D304-F440-4300-8DF7-AED9E7658A91}.Debug|x64.ActiveCfg = Debug|Any CPU
		{9E65D304-F440-4300-8DF7-AED9E7658A91}.Debug|x64.Build.0 = Debug|Any CPU
		{9E65D304-F440-4300-8DF7-AED9E7658A91}.Debug|x86.ActiveCfg = Debug|Any CPU
		{9E65D304-F440-4300-8DF7-AED9E7658A91}.Debug|x86.Build.0 = Debug|Any CPU
		{9E65D304-F440-4300-8DF7-AED9E7658A91}.Release|Any CPU.ActiveCfg = Release|Any CPU
		{9E65D304-F440-4300-8DF7-AED9E7658A91}.Release|Any CPU.Build.0 = Release|Any CPU
		{9E65D304-F440-4300-8DF7-AED9E7658A91}.Release|ARM.ActiveCfg = Release|Any CPU
		{9E65D304-F440-4300-8DF7-AED9E7658A91}.Release|ARM.Build.0 = Release|Any CPU
		{9E65D304-F440-4300-8DF7-AED9E7658A91}.Release|iPhone.ActiveCfg = Release|Any CPU
		{9E65D304-F440-4300-8DF7-AED9E7658A91}.Release|iPhone.Build.0 = Release|Any CPU
		{9E65D304-F440-4300-8DF7-AED9E7658A91}.Release|iPhoneSimulator.ActiveCfg = Release|Any CPU
		{9E65D304-F440-4300-8DF7-AED9E7658A91}.Release|iPhoneSimulator.Build.0 = Release|Any CPU
		{9E65D304-F440-4300-8DF7-AED9E7658A91}.Release|x64.ActiveCfg = Release|Any CPU
		{9E65D304-F440-4300-8DF7-AED9E7658A91}.Release|x64.Build.0 = Release|Any CPU
		{9E65D304-F440-4300-8DF7-AED9E7658A91}.Release|x86.ActiveCfg = Release|Any CPU
		{9E65D304-F440-4300-8DF7-AED9E7658A91}.Release|x86.Build.0 = Release|Any CPU
		{236F6469-7899-4A31-A27A-0959000A9C4E}.Ad-Hoc|Any CPU.ActiveCfg = Release|x86
		{236F6469-7899-4A31-A27A-0959000A9C4E}.Ad-Hoc|Any CPU.Build.0 = Release|x86
		{236F6469-7899-4A31-A27A-0959000A9C4E}.Ad-Hoc|Any CPU.Deploy.0 = Release|x86
		{236F6469-7899-4A31-A27A-0959000A9C4E}.Ad-Hoc|ARM.ActiveCfg = Release|ARM
		{236F6469-7899-4A31-A27A-0959000A9C4E}.Ad-Hoc|ARM.Build.0 = Release|ARM
		{236F6469-7899-4A31-A27A-0959000A9C4E}.Ad-Hoc|ARM.Deploy.0 = Release|ARM
		{236F6469-7899-4A31-A27A-0959000A9C4E}.Ad-Hoc|iPhone.ActiveCfg = Release|x86
		{236F6469-7899-4A31-A27A-0959000A9C4E}.Ad-Hoc|iPhone.Build.0 = Release|x86
		{236F6469-7899-4A31-A27A-0959000A9C4E}.Ad-Hoc|iPhone.Deploy.0 = Release|x86
		{236F6469-7899-4A31-A27A-0959000A9C4E}.Ad-Hoc|iPhoneSimulator.ActiveCfg = Release|x86
		{236F6469-7899-4A31-A27A-0959000A9C4E}.Ad-Hoc|iPhoneSimulator.Build.0 = Release|x86
		{236F6469-7899-4A31-A27A-0959000A9C4E}.Ad-Hoc|iPhoneSimulator.Deploy.0 = Release|x86
		{236F6469-7899-4A31-A27A-0959000A9C4E}.Ad-Hoc|x64.ActiveCfg = Release|x64
		{236F6469-7899-4A31-A27A-0959000A9C4E}.Ad-Hoc|x64.Build.0 = Release|x64
		{236F6469-7899-4A31-A27A-0959000A9C4E}.Ad-Hoc|x64.Deploy.0 = Release|x64
		{236F6469-7899-4A31-A27A-0959000A9C4E}.Ad-Hoc|x86.ActiveCfg = Release|x86
		{236F6469-7899-4A31-A27A-0959000A9C4E}.Ad-Hoc|x86.Build.0 = Release|x86
		{236F6469-7899-4A31-A27A-0959000A9C4E}.Ad-Hoc|x86.Deploy.0 = Release|x86
		{236F6469-7899-4A31-A27A-0959000A9C4E}.AppStore|Any CPU.ActiveCfg = Release|x86
		{236F6469-7899-4A31-A27A-0959000A9C4E}.AppStore|Any CPU.Build.0 = Release|x86
		{236F6469-7899-4A31-A27A-0959000A9C4E}.AppStore|Any CPU.Deploy.0 = Release|x86
		{236F6469-7899-4A31-A27A-0959000A9C4E}.AppStore|ARM.ActiveCfg = Release|ARM
		{236F6469-7899-4A31-A27A-0959000A9C4E}.AppStore|ARM.Build.0 = Release|ARM
		{236F6469-7899-4A31-A27A-0959000A9C4E}.AppStore|ARM.Deploy.0 = Release|ARM
		{236F6469-7899-4A31-A27A-0959000A9C4E}.AppStore|iPhone.ActiveCfg = Release|x86
		{236F6469-7899-4A31-A27A-0959000A9C4E}.AppStore|iPhone.Build.0 = Release|x86
		{236F6469-7899-4A31-A27A-0959000A9C4E}.AppStore|iPhone.Deploy.0 = Release|x86
		{236F6469-7899-4A31-A27A-0959000A9C4E}.AppStore|iPhoneSimulator.ActiveCfg = Release|x86
		{236F6469-7899-4A31-A27A-0959000A9C4E}.AppStore|iPhoneSimulator.Build.0 = Release|x86
		{236F6469-7899-4A31-A27A-0959000A9C4E}.AppStore|iPhoneSimulator.Deploy.0 = Release|x86
		{236F6469-7899-4A31-A27A-0959000A9C4E}.AppStore|x64.ActiveCfg = Release|x64
		{236F6469-7899-4A31-A27A-0959000A9C4E}.AppStore|x64.Build.0 = Release|x64
		{236F6469-7899-4A31-A27A-0959000A9C4E}.AppStore|x64.Deploy.0 = Release|x64
		{236F6469-7899-4A31-A27A-0959000A9C4E}.AppStore|x86.ActiveCfg = Release|x86
		{236F6469-7899-4A31-A27A-0959000A9C4E}.AppStore|x86.Build.0 = Release|x86
		{236F6469-7899-4A31-A27A-0959000A9C4E}.AppStore|x86.Deploy.0 = Release|x86
		{236F6469-7899-4A31-A27A-0959000A9C4E}.Debug|Any CPU.ActiveCfg = Debug|x86
		{236F6469-7899-4A31-A27A-0959000A9C4E}.Debug|ARM.ActiveCfg = Debug|ARM
		{236F6469-7899-4A31-A27A-0959000A9C4E}.Debug|ARM.Build.0 = Debug|ARM
		{236F6469-7899-4A31-A27A-0959000A9C4E}.Debug|ARM.Deploy.0 = Debug|ARM
		{236F6469-7899-4A31-A27A-0959000A9C4E}.Debug|iPhone.ActiveCfg = Debug|x86
		{236F6469-7899-4A31-A27A-0959000A9C4E}.Debug|iPhoneSimulator.ActiveCfg = Debug|x86
		{236F6469-7899-4A31-A27A-0959000A9C4E}.Debug|x64.ActiveCfg = Debug|x64
		{236F6469-7899-4A31-A27A-0959000A9C4E}.Debug|x64.Build.0 = Debug|x64
		{236F6469-7899-4A31-A27A-0959000A9C4E}.Debug|x64.Deploy.0 = Debug|x64
		{236F6469-7899-4A31-A27A-0959000A9C4E}.Debug|x86.ActiveCfg = Debug|x86
		{236F6469-7899-4A31-A27A-0959000A9C4E}.Debug|x86.Build.0 = Debug|x86
		{236F6469-7899-4A31-A27A-0959000A9C4E}.Debug|x86.Deploy.0 = Debug|x86
		{236F6469-7899-4A31-A27A-0959000A9C4E}.Release|Any CPU.ActiveCfg = Release|x86
		{236F6469-7899-4A31-A27A-0959000A9C4E}.Release|ARM.ActiveCfg = Release|ARM
		{236F6469-7899-4A31-A27A-0959000A9C4E}.Release|ARM.Build.0 = Release|ARM
		{236F6469-7899-4A31-A27A-0959000A9C4E}.Release|ARM.Deploy.0 = Release|ARM
		{236F6469-7899-4A31-A27A-0959000A9C4E}.Release|iPhone.ActiveCfg = Release|x86
		{236F6469-7899-4A31-A27A-0959000A9C4E}.Release|iPhoneSimulator.ActiveCfg = Release|x86
		{236F6469-7899-4A31-A27A-0959000A9C4E}.Release|x64.ActiveCfg = Release|x64
		{236F6469-7899-4A31-A27A-0959000A9C4E}.Release|x64.Build.0 = Release|x64
		{236F6469-7899-4A31-A27A-0959000A9C4E}.Release|x64.Deploy.0 = Release|x64
		{236F6469-7899-4A31-A27A-0959000A9C4E}.Release|x86.ActiveCfg = Release|x86
		{236F6469-7899-4A31-A27A-0959000A9C4E}.Release|x86.Build.0 = Release|x86
		{236F6469-7899-4A31-A27A-0959000A9C4E}.Release|x86.Deploy.0 = Release|x86
		{B35D6936-585E-48A8-BD62-E8E8FA18B8A8}.Ad-Hoc|Any CPU.ActiveCfg = Ad-Hoc|iPhone
		{B35D6936-585E-48A8-BD62-E8E8FA18B8A8}.Ad-Hoc|ARM.ActiveCfg = Ad-Hoc|iPhone
		{B35D6936-585E-48A8-BD62-E8E8FA18B8A8}.Ad-Hoc|iPhone.ActiveCfg = Ad-Hoc|iPhone
		{B35D6936-585E-48A8-BD62-E8E8FA18B8A8}.Ad-Hoc|iPhone.Build.0 = Ad-Hoc|iPhone
		{B35D6936-585E-48A8-BD62-E8E8FA18B8A8}.Ad-Hoc|iPhoneSimulator.ActiveCfg = Ad-Hoc|iPhoneSimulator
		{B35D6936-585E-48A8-BD62-E8E8FA18B8A8}.Ad-Hoc|iPhoneSimulator.Build.0 = Ad-Hoc|iPhoneSimulator
		{B35D6936-585E-48A8-BD62-E8E8FA18B8A8}.Ad-Hoc|x64.ActiveCfg = Ad-Hoc|iPhone
		{B35D6936-585E-48A8-BD62-E8E8FA18B8A8}.Ad-Hoc|x86.ActiveCfg = Ad-Hoc|iPhone
		{B35D6936-585E-48A8-BD62-E8E8FA18B8A8}.AppStore|Any CPU.ActiveCfg = AppStore|iPhone
		{B35D6936-585E-48A8-BD62-E8E8FA18B8A8}.AppStore|ARM.ActiveCfg = AppStore|iPhone
		{B35D6936-585E-48A8-BD62-E8E8FA18B8A8}.AppStore|iPhone.ActiveCfg = AppStore|iPhone
		{B35D6936-585E-48A8-BD62-E8E8FA18B8A8}.AppStore|iPhone.Build.0 = AppStore|iPhone
		{B35D6936-585E-48A8-BD62-E8E8FA18B8A8}.AppStore|iPhoneSimulator.ActiveCfg = AppStore|iPhoneSimulator
		{B35D6936-585E-48A8-BD62-E8E8FA18B8A8}.AppStore|iPhoneSimulator.Build.0 = AppStore|iPhoneSimulator
		{B35D6936-585E-48A8-BD62-E8E8FA18B8A8}.AppStore|x64.ActiveCfg = AppStore|iPhone
		{B35D6936-585E-48A8-BD62-E8E8FA18B8A8}.AppStore|x86.ActiveCfg = AppStore|iPhone
		{B35D6936-585E-48A8-BD62-E8E8FA18B8A8}.Debug|Any CPU.ActiveCfg = Debug|iPhone
		{B35D6936-585E-48A8-BD62-E8E8FA18B8A8}.Debug|ARM.ActiveCfg = Debug|iPhone
		{B35D6936-585E-48A8-BD62-E8E8FA18B8A8}.Debug|iPhone.ActiveCfg = Debug|iPhone
		{B35D6936-585E-48A8-BD62-E8E8FA18B8A8}.Debug|iPhone.Build.0 = Debug|iPhone
		{B35D6936-585E-48A8-BD62-E8E8FA18B8A8}.Debug|iPhoneSimulator.ActiveCfg = Debug|iPhoneSimulator
		{B35D6936-585E-48A8-BD62-E8E8FA18B8A8}.Debug|iPhoneSimulator.Build.0 = Debug|iPhoneSimulator
		{B35D6936-585E-48A8-BD62-E8E8FA18B8A8}.Debug|x64.ActiveCfg = Debug|iPhone
		{B35D6936-585E-48A8-BD62-E8E8FA18B8A8}.Debug|x86.ActiveCfg = Debug|iPhone
		{B35D6936-585E-48A8-BD62-E8E8FA18B8A8}.Release|Any CPU.ActiveCfg = Release|iPhone
		{B35D6936-585E-48A8-BD62-E8E8FA18B8A8}.Release|ARM.ActiveCfg = Release|iPhone
		{B35D6936-585E-48A8-BD62-E8E8FA18B8A8}.Release|iPhone.ActiveCfg = Release|iPhone
		{B35D6936-585E-48A8-BD62-E8E8FA18B8A8}.Release|iPhone.Build.0 = Release|iPhone
		{B35D6936-585E-48A8-BD62-E8E8FA18B8A8}.Release|iPhoneSimulator.ActiveCfg = Release|iPhoneSimulator
		{B35D6936-585E-48A8-BD62-E8E8FA18B8A8}.Release|iPhoneSimulator.Build.0 = Release|iPhoneSimulator
		{B35D6936-585E-48A8-BD62-E8E8FA18B8A8}.Release|x64.ActiveCfg = Release|iPhone
		{B35D6936-585E-48A8-BD62-E8E8FA18B8A8}.Release|x86.ActiveCfg = Release|iPhone
	EndGlobalSection
	GlobalSection(SolutionProperties) = preSolution
		HideSolutionNode = FALSE
	EndGlobalSection
EndGlobal
